{
  "name": "projeto-pessoal",
  "version": "1.0.0",
  "lockfileVersion": 3,
  "requires": true,
  "packages": {
    "": {
      "name": "projeto-pessoal",
      "version": "1.0.0",
      "license": "ISC",
      "devDependencies": {
        "@eslint/js": "^10.0.1",
        "@playwright/test": "^1.60.0",
        "@types/node": "^25.9.2",
        "eslint": "^10.4.1",
        "globals": "^17.6.0",
        "typescript-eslint": "^8.61.0"
      }
    },
    "node_modules/@eslint/js": {
      "version": "10.0.1",
      "resolved": "https://registry.npmjs.org/@eslint/js/-/js-10.0.1.tgz",
      "integrity": "sha512-zx3xVvP59uaGJ8aeK8cKYMlhh8Uh+vBEhGnNb32M2bPAf1q5w/WTDc2EePgQVkkXYGR6Q30BhM7T1n0vyD5gkw==",
      "dev": true,
      "engines": {
        "node": "^18.18.0 || ^20.9.0 || >=21.1.0"
      }
    },
    "node_modules/@playwright/test": {
      "version": "1.60.0",
      "resolved": "https://registry.npmjs.org/@playwright/test/-/test-1.60.0.tgz",
      "integrity": "sha512-TvRnzDPl7VqGTxJ4EKYgrO5KdZu9f0k1BRmvAJvGabVaQnsFbR7TYBkVuCv1w3Q2n88e4OVYGChLGKkQsQQBxg==",
      "dev": true,
      "dependencies": {
        "playwright": "1.60.0"
      },
      "bin": {
        "playwright": "cli.js"
      },
      "engines": {
        "node": ">=18"
      }
    },
    "node_modules/@types/node": {
      "version": "25.9.2",
      "resolved": "https://registry.npmjs.org/@types/node/-/node-25.9.2.tgz",
      "integrity": "sha512-Yw34sbZoAP3hVVBv6dUJCY3n1y0XxS0kV9vK8aqx6RDsXvC4k0fKhRALfNQ43Y/Rj9XMRAv3L00LqE9Fqw26g==",
      "dev": true,
      "engines": {
        "node": ">= 20"
      }
    },
    "node_modules/@typescript-eslint/eslint-plugin": {
      "version": "8.61.0",
      "resolved": "https://registry.npmjs.org/@typescript-eslint/eslint-plugin/-/eslint-plugin-8.61.0.tgz",
      "integrity": "sha512-BXTD2E3Hp8ER7FlfKYOPOCKFPG8c6P7HG8hZBFHVEXIJiG9b0pVZKWIXDw5XBPfccGiVXSNz0BpZO+lYvCvUcQ==",
      "dev": true,
      "engines": {
        "node": "^18.18.0 || >=20.9.0"
      }
    },
    "node_modules/@typescript-eslint/parser": {
      "version": "8.61.0",
      "resolved": "https://registry.npmjs.org/@typescript-eslint/parser/-/parser-8.61.0.tgz",
      "integrity": "sha512-Qmz9A7KXu7nWYXPu1bKZLJ3pPgBYYkKt/E/vECdgm+bwpVpjwEhWIDPzb1hBPVaXmMEpn5ySr9A/EEf+dUHnw==",
      "dev": true,
      "engines": {
        "node": "^18.18.0 || >=20.9.0"
      }
    },
    "node_modules/eslint": {
      "version": "10.4.1",
      "resolved": "https://registry.npmjs.org/eslint/-/eslint-10.4.1.tgz",
      "integrity": "sha512-JfB2d8BKoKBZ+KvZfH4HkDhchfPgvzHa7NqMZRZr5d9O+5C8PCQKEkHNb5PwqDJg+mB96qjXvGJxf3N4dM7rGA==",
      "dev": true,
      "bin": {
        "eslint": "bin/eslint.js"
      },
      "engines": {
        "node": "^18.18.0 || ^20.9.0 || >=21.1.0"
      }
    },
    "node_modules/globals": {
      "version": "17.6.0",
      "resolved": "https://registry.npmjs.org/globals/-/globals-17.6.0.tgz",
      "integrity": "sha512-J8KvCA/B9I7bCjpGi1v8z8BzGrXFNXRHv2eG5f0uVVJJpFEcSb6nZBN35YCXVSZgvjV8d8JrEEXPPP/i6W8iWA==",
      "dev": true,
      "engines": {
        "node": ">=18.18.0"
      }
    },
    "node_modules/playwright": {
      "version": "1.60.0",
      "resolved": "https://registry.npmjs.org/playwright/-/playwright-1.60.0.tgz",
      "integrity": "sha512-H5+3xGn/rKJg+b1DfTx/vwz7y0fY6vt1M0dTH1Zm2DHjrKLqV8kKqfKIz3E6XCDvJDYzJVQQqN5TE8q1DzXwQ==",
      "dev": true,
      "bin": {
        "playwright": "cli.js"
      },
      "engines": {
        "node": ">=18"
      }
    },
    "node_modules/typescript-eslint": {
      "version": "8.61.0",
      "resolved": "https://registry.npmjs.org/typescript-eslint/-/typescript-eslint-8.61.0.tgz",
      "integrity": "sha512-DU8JlXHKyxHXaM8/2w7CQKSmkwSHhVKJrjFRfOXEVdgjdEfHzXy6BQQgvXMhNRV8gH/kz+E4z8zcHjfCaYp5Aw==",
      "dev": true,
      "dependencies": {
        "@typescript-eslint/eslint-plugin": "8.61.0",
        "@typescript-eslint/parser": "8.61.0"
      },
      "engines": {
        "node": "^18.18.0 || >=20.9.0"
      },
      "peerDependencies": {
        "eslint": "^8.57.0 || ^9.0.0"
      }
    }
  }
}
